
Microsoft Visual Studio Solution File, Format Version 12.00
# Visual Studio Version 16
VisualStudioVersion = 16.0.30907.101
MinimumVisualStudioVersion = 10.0.40219.1
Project("{FAE04EC0-301F-11D3-BF4B-00C04F79EFBC}") = "Hardvare.API", "Hardvare.API\Hardvare.API.csproj", "{B148B887-99C2-4213-89EA-A6A56F407F3C}"
EndProject
Global
	GlobalSection(SolutionConfigurationPlatforms) = preSolution
		Debug|Any CPU = Debug|Any CPU
		Release|Any CPU = Release|Any CPU
	EndGlobalSection
	GlobalSection(ProjectConfigurationPlatforms) = postSolution
		{B148B887-99C2-4213-89EA-A6A56F407F3C}.Debug|Any CPU.ActiveCfg = Debug|Any CPU
		{B148B887-99C2-4213-89EA-A6A56F407F3C}.Debug|Any CPU.Build.0 = Debug|Any CPU
		{B148B887-99C2-4213-89EA-A6A56F407F3C}.Release|Any CPU.ActiveCfg = Release|Any CPU
		{B148B887-99C2-4213-89EA-A6A56F407F3C}.Release|Any CPU.Build.0 = Release|Any CPU
	EndGlobalSection
	GlobalSection(SolutionProperties) = preSolution
		HideSolutionNode = FALSE
	EndGlobalSection
	GlobalSection(ExtensibilityGlobals) = postSolution
		SolutionGuid = {398B179C-94C4-4FC2-B5A9-95934E6815FB}
	EndGlobalSection
EndGlobal
